
Microsoft Visual Studio Solution File, Format Version 12.00
# Visual Studio 14
VisualStudioVersion = 14.0.24720.0
MinimumVisualStudioVersion = 10.0.40219.1
Project("{FAE04EC0-301F-11D3-BF4B-00C04F79EFBC}") = "StudentApplication.Web", "StudentApplication.Web\StudentApplication.Web.csproj", "{109BF2B3-D842-487F-A709-9DD3AF5A29C6}"
EndProject
Project("{FAE04EC0-301F-11D3-BF4B-00C04F79EFBC}") = "StudentApplication.Core", "StudentApplication.Core\StudentApplication.Core.csproj", "{144489E8-3D13-445E-A9B2-CF64640446AD}"
EndProject
Project("{FAE04EC0-301F-11D3-BF4B-00C04F79EFBC}") = "StudentApplication.DB", "StudentApplication.DB\StudentApplication.DB.csproj", "{6C203096-3F84-4DA7-AB8E-D35FD013FC5E}"
EndProject
Project("{FAE04EC0-301F-11D3-BF4B-00C04F79EFBC}") = "StudentApplication.DB.Migrations", "StudentApplication.DB.Migrations\StudentApplication.DB.Migrations.csproj", "{6FF6150D-473B-459E-97E1-E6D74A5D265D}"
EndProject
Global
	GlobalSection(SolutionConfigurationPlatforms) = preSolution
		Debug|Any CPU = Debug|Any CPU
		Release|Any CPU = Release|Any CPU
	EndGlobalSection
	GlobalSection(ProjectConfigurationPlatforms) = postSolution
		{109BF2B3-D842-487F-A709-9DD3AF5A29C6}.Debug|Any CPU.ActiveCfg = Debug|Any CPU
		{109BF2B3-D842-487F-A709-9DD3AF5A29C6}.Debug|Any CPU.Build.0 = Debug|Any CPU
		{109BF2B3-D842-487F-A709-9DD3AF5A29C6}.Release|Any CPU.ActiveCfg = Release|Any CPU
		{109BF2B3-D842-487F-A709-9DD3AF5A29C6}.Release|Any CPU.Build.0 = Release|Any CPU
		{144489E8-3D13-445E-A9B2-CF64640446AD}.Debug|Any CPU.ActiveCfg = Debug|Any CPU
		{144489E8-3D13-445E-A9B2-CF64640446AD}.Debug|Any CPU.Build.0 = Debug|Any CPU
		{144489E8-3D13-445E-A9B2-CF64640446AD}.Release|Any CPU.ActiveCfg = Release|Any CPU
		{144489E8-3D13-445E-A9B2-CF64640446AD}.Release|Any CPU.Build.0 = Release|Any CPU
		{6C203096-3F84-4DA7-AB8E-D35FD013FC5E}.Debug|Any CPU.ActiveCfg = Debug|Any CPU
		{6C203096-3F84-4DA7-AB8E-D35FD013FC5E}.Debug|Any CPU.Build.0 = Debug|Any CPU
		{6C203096-3F84-4DA7-AB8E-D35FD013FC5E}.Release|Any CPU.ActiveCfg = Release|Any CPU
		{6C203096-3F84-4DA7-AB8E-D35FD013FC5E}.Release|Any CPU.Build.0 = Release|Any CPU
		{6FF6150D-473B-459E-97E1-E6D74A5D265D}.Debug|Any CPU.ActiveCfg = Debug|Any CPU
		{6FF6150D-473B-459E-97E1-E6D74A5D265D}.Debug|Any CPU.Build.0 = Debug|Any CPU
		{6FF6150D-473B-459E-97E1-E6D74A5D265D}.Release|Any CPU.ActiveCfg = Release|Any CPU
		{6FF6150D-473B-459E-97E1-E6D74A5D265D}.Release|Any CPU.Build.0 = Release|Any CPU
	EndGlobalSection
	GlobalSection(SolutionProperties) = preSolution
		HideSolutionNode = FALSE
	EndGlobalSection
EndGlobal
